
Microsoft Visual Studio Solution File, Format Version 12.00
# Visual Studio 15
VisualStudioVersion = 15.0.26730.16
MinimumVisualStudioVersion = 10.0.40219.1
Project("{9A19103F-16F7-4668-BE54-9A1E7A4F7556}") = "RobotBumFoundationCore", "RobotBumFoundationCore\RobotBumFoundationCore.csproj", "{FD7AF56B-6280-4E71-AB1D-5CEA99E015B6}"
EndProject
Project("{9A19103F-16F7-4668-BE54-9A1E7A4F7556}") = "RobotBumLibCore", "RobotBumLibCore\RobotBumLibCore.csproj", "{B3FC9E54-E1E7-4A0C-AD5B-839938F45BAF}"
EndProject
Project("{9A19103F-16F7-4668-BE54-9A1E7A4F7556}") = "RobotBumConsole", "RobotBumConsole\RobotBumConsole.csproj", "{FD48D59B-4D1E-441C-83BD-DECEA7C268CD}"
EndProject
Global
	GlobalSection(SolutionConfigurationPlatforms) = preSolution
		Debug|Any CPU = Debug|Any CPU
		Release|Any CPU = Release|Any CPU
		SIT|Any CPU = SIT|Any CPU
	EndGlobalSection
	GlobalSection(ProjectConfigurationPlatforms) = postSolution
		{FD7AF56B-6280-4E71-AB1D-5CEA99E015B6}.Debug|Any CPU.ActiveCfg = Debug|Any CPU
		{FD7AF56B-6280-4E71-AB1D-5CEA99E015B6}.Debug|Any CPU.Build.0 = Debug|Any CPU
		{FD7AF56B-6280-4E71-AB1D-5CEA99E015B6}.Release|Any CPU.ActiveCfg = Release|Any CPU
		{FD7AF56B-6280-4E71-AB1D-5CEA99E015B6}.Release|Any CPU.Build.0 = Release|Any CPU
		{FD7AF56B-6280-4E71-AB1D-5CEA99E015B6}.SIT|Any CPU.ActiveCfg = Debug|Any CPU
		{FD7AF56B-6280-4E71-AB1D-5CEA99E015B6}.SIT|Any CPU.Build.0 = Debug|Any CPU
		{B3FC9E54-E1E7-4A0C-AD5B-839938F45BAF}.Debug|Any CPU.ActiveCfg = Debug|Any CPU
		{B3FC9E54-E1E7-4A0C-AD5B-839938F45BAF}.Debug|Any CPU.Build.0 = Debug|Any CPU
		{B3FC9E54-E1E7-4A0C-AD5B-839938F45BAF}.Release|Any CPU.ActiveCfg = Release|Any CPU
		{B3FC9E54-E1E7-4A0C-AD5B-839938F45BAF}.Release|Any CPU.Build.0 = Release|Any CPU
		{B3FC9E54-E1E7-4A0C-AD5B-839938F45BAF}.SIT|Any CPU.ActiveCfg = Debug|Any CPU
		{B3FC9E54-E1E7-4A0C-AD5B-839938F45BAF}.SIT|Any CPU.Build.0 = Debug|Any CPU
		{FD48D59B-4D1E-441C-83BD-DECEA7C268CD}.Debug|Any CPU.ActiveCfg = Debug|Any CPU
		{FD48D59B-4D1E-441C-83BD-DECEA7C268CD}.Debug|Any CPU.Build.0 = Debug|Any CPU
		{FD48D59B-4D1E-441C-83BD-DECEA7C268CD}.Release|Any CPU.ActiveCfg = Release|Any CPU
		{FD48D59B-4D1E-441C-83BD-DECEA7C268CD}.Release|Any CPU.Build.0 = Release|Any CPU
		{FD48D59B-4D1E-441C-83BD-DECEA7C268CD}.SIT|Any CPU.ActiveCfg = Debug|Any CPU
		{FD48D59B-4D1E-441C-83BD-DECEA7C268CD}.SIT|Any CPU.Build.0 = Debug|Any CPU
	EndGlobalSection
	GlobalSection(SolutionProperties) = preSolution
		HideSolutionNode = FALSE
	EndGlobalSection
	GlobalSection(ExtensibilityGlobals) = postSolution
		SolutionGuid = {E2188533-CA15-46E0-B8B1-CF8DE588DA97}
	EndGlobalSection
EndGlobal
