
Microsoft Visual Studio Solution File, Format Version 12.00
# Visual Studio 14
VisualStudioVersion = 14.0.25420.1
MinimumVisualStudioVersion = 10.0.40219.1
Project("{8BB2217D-0F2D-49D1-97BC-3654ED321F3B}") = "TowerBotFoundationCore", "TowerBotFoundationCore\TowerBotFoundationCore.xproj", "{FD7AF56B-6280-4E71-AB1D-5CEA99E015B6}"
EndProject
Project("{8BB2217D-0F2D-49D1-97BC-3654ED321F3B}") = "TowerBotLibCore", "TowerBotLibCore\TowerBotLibCore.xproj", "{B3FC9E54-E1E7-4A0C-AD5B-839938F45BAF}"
EndProject
Project("{8BB2217D-0F2D-49D1-97BC-3654ED321F3B}") = "TowerBotUniversalConsole", "TowerBotUniversalConsole\TowerBotUniversalConsole.xproj", "{B9225CD2-175E-49CB-A4C4-0B172E497E64}"
EndProject
Project("{8BB2217D-0F2D-49D1-97BC-3654ED321F3B}") = "TowerBotConsole", "TowerBotConsole\TowerBotConsole.xproj", "{FD48D59B-4D1E-441C-83BD-DECEA7C268CD}"
EndProject
Global
	GlobalSection(SolutionConfigurationPlatforms) = preSolution
		Debug|Any CPU = Debug|Any CPU
		Release|Any CPU = Release|Any CPU
		SIT|Any CPU = SIT|Any CPU
	EndGlobalSection
	GlobalSection(ProjectConfigurationPlatforms) = postSolution
		{FD7AF56B-6280-4E71-AB1D-5CEA99E015B6}.Debug|Any CPU.ActiveCfg = Debug|Any CPU
		{FD7AF56B-6280-4E71-AB1D-5CEA99E015B6}.Debug|Any CPU.Build.0 = Debug|Any CPU
		{FD7AF56B-6280-4E71-AB1D-5CEA99E015B6}.Release|Any CPU.ActiveCfg = Release|Any CPU
		{FD7AF56B-6280-4E71-AB1D-5CEA99E015B6}.Release|Any CPU.Build.0 = Release|Any CPU
		{FD7AF56B-6280-4E71-AB1D-5CEA99E015B6}.SIT|Any CPU.ActiveCfg = Debug|Any CPU
		{FD7AF56B-6280-4E71-AB1D-5CEA99E015B6}.SIT|Any CPU.Build.0 = Debug|Any CPU
		{B3FC9E54-E1E7-4A0C-AD5B-839938F45BAF}.Debug|Any CPU.ActiveCfg = Debug|Any CPU
		{B3FC9E54-E1E7-4A0C-AD5B-839938F45BAF}.Debug|Any CPU.Build.0 = Debug|Any CPU
		{B3FC9E54-E1E7-4A0C-AD5B-839938F45BAF}.Release|Any CPU.ActiveCfg = Release|Any CPU
		{B3FC9E54-E1E7-4A0C-AD5B-839938F45BAF}.Release|Any CPU.Build.0 = Release|Any CPU
		{B3FC9E54-E1E7-4A0C-AD5B-839938F45BAF}.SIT|Any CPU.ActiveCfg = Debug|Any CPU
		{B3FC9E54-E1E7-4A0C-AD5B-839938F45BAF}.SIT|Any CPU.Build.0 = Debug|Any CPU
		{B9225CD2-175E-49CB-A4C4-0B172E497E64}.Debug|Any CPU.ActiveCfg = Debug|Any CPU
		{B9225CD2-175E-49CB-A4C4-0B172E497E64}.Debug|Any CPU.Build.0 = Debug|Any CPU
		{B9225CD2-175E-49CB-A4C4-0B172E497E64}.Release|Any CPU.ActiveCfg = Release|Any CPU
		{B9225CD2-175E-49CB-A4C4-0B172E497E64}.Release|Any CPU.Build.0 = Release|Any CPU
		{B9225CD2-175E-49CB-A4C4-0B172E497E64}.SIT|Any CPU.ActiveCfg = Debug|Any CPU
		{B9225CD2-175E-49CB-A4C4-0B172E497E64}.SIT|Any CPU.Build.0 = Debug|Any CPU
		{FD48D59B-4D1E-441C-83BD-DECEA7C268CD}.Debug|Any CPU.ActiveCfg = Debug|Any CPU
		{FD48D59B-4D1E-441C-83BD-DECEA7C268CD}.Debug|Any CPU.Build.0 = Debug|Any CPU
		{FD48D59B-4D1E-441C-83BD-DECEA7C268CD}.Release|Any CPU.ActiveCfg = Release|Any CPU
		{FD48D59B-4D1E-441C-83BD-DECEA7C268CD}.Release|Any CPU.Build.0 = Release|Any CPU
		{FD48D59B-4D1E-441C-83BD-DECEA7C268CD}.SIT|Any CPU.ActiveCfg = Debug|Any CPU
		{FD48D59B-4D1E-441C-83BD-DECEA7C268CD}.SIT|Any CPU.Build.0 = Debug|Any CPU
	EndGlobalSection
	GlobalSection(SolutionProperties) = preSolution
		HideSolutionNode = FALSE
	EndGlobalSection
EndGlobal
